{
  "nodes": {
    "nixpkgs": {
      "locked": {
        "lastModified": 1753722563,
        "narHash": "sha256-FK8iq76wlacriq3u0kFCehsRYTAqjA9nfprpiSWRWIc=",
        "owner": "NixOS",
        "repo": "nixpkgs",
        "rev": "648f70160c03151bc2121d179291337ad6bc564b",
        "type": "github"
      },
      "original": {
        "owner": "NixOS",
        "ref": "nixpkgs-unstable",
        "repo": "nixpkgs",
        "type": "github"
      }
    },
    "root": {
      "inputs": {
        "nixpkgs": "nixpkgs",
        "zmk-nix": "zmk-nix"
      }
    },
    "zmk-nix": {
      "inputs": {
        "nixpkgs": [
          "nixpkgs"
        ]
      },
      "locked": {
        "lastModified": 1753577062,
        "narHash": "sha256-7Nzb3Sq322gMz9tw8NemqfWLG6nZUqzfWEojF+sXlkI=",
        "owner": "lilyinstarlight",
        "repo": "zmk-nix",
        "rev": "27cc107a90c891e24db345350499bf298c336f93",
        "type": "github"
      },
      "original": {
        "owner": "lilyinstarlight",
        "repo": "zmk-nix",
        "type": "github"
      }
    }
  },
  "root": "root",
  "version": 7
}
